#MicroXplorer Configuration settings - do not modify
Mcu.Family=STM32F0
ProjectManager.MainLocation=Core/Src
RCC.MCOFreq_Value=48000000
PC7.GPIOParameters=GPIO_Label
RCC.USART1Freq_Value=48000000
ProjectManager.KeepUserCode=true
Mcu.UserName=STM32F051R8Tx
NVIC.TIM6_DAC_IRQn=true\:0\:0\:false\:false\:true\:true\:true
TIM1.IPParameters=Prescaler,Period,Channel-PWM Generation1 CH1,Channel-PWM Generation3 CH3,Pulse-PWM Generation1 CH1
USART1.BaudRate=9600
RCC.PLLCLKFreq_Value=48000000
PA14.GPIO_Label=SWCLK
PC5.Locked=true
PC7.Locked=true
PA0.GPIO_Label=left_in1
ProjectManager.functionlistsort=1-MX_GPIO_Init-GPIO-false-HAL-true,2-SystemClock_Config-RCC-false-HAL-false,3-MX_TIM6_Init-TIM6-false-HAL-true,4-MX_USART1_UART_Init-USART1-false-HAL-true,5-MX_TIM16_Init-TIM16-false-HAL-true,6-MX_TIM1_Init-TIM1-false-HAL-true,7-MX_TIM2_Init-TIM2-false-HAL-true,8-MX_TIM3_Init-TIM3-false-HAL-true
PA9.GPIOParameters=GPIO_Label
PA11.GPIOParameters=GPIO_Label
PC6.GPIO_Label=back_right_enc
PC9.Locked=true
PA3.GPIOParameters=GPIO_Label
PB0.GPIO_Label=left1_ir
PD2.Locked=true
PD2.GPIOParameters=GPIO_Label
TIM1.Pulse-PWM\ Generation1\ CH1=50
NVIC.SVC_IRQn=true\:0\:0\:false\:false\:true\:false\:false
SH.S_TIM1_CH3.ConfNb=1
SH.S_TIM1_CH1.ConfNb=1
USART1.IPParameters=VirtualMode-Asynchronous,BaudRate
PA2.GPIOParameters=GPIO_Label
PinOutPanel.RotationAngle=0
RCC.SYSCLKSource=RCC_SYSCLKSOURCE_PLLCLK
ProjectManager.StackSize=0x400
SH.GPXTI2.0=GPIO_EXTI2
Mcu.IP4=TIM2
RCC.FCLKCortexFreq_Value=48000000
Mcu.IP5=TIM3
Mcu.IP2=SYS
TIM3.Channel-Input_Capture3_from_TI3=TIM_CHANNEL_3
Mcu.IP3=TIM1
Mcu.IP0=NVIC
Mcu.IP1=RCC
TIM1.Prescaler=47
Mcu.UserConstants=
SH.S_TIM3_CH2.ConfNb=1
TIM2.Pulse-PWM\ Generation3\ CH3=50
Mcu.ThirdPartyNb=0
RCC.HCLKFreq_Value=48000000
Mcu.IPNb=9
TIM2.IPParameters=Channel-PWM Generation1 CH1,Channel-PWM Generation3 CH3,Prescaler,Period,Pulse-PWM Generation1 CH1,Pulse-PWM Generation3 CH3
ProjectManager.PreviousToolchain=
PB6.Signal=USART1_TX
PC7.Signal=S_TIM3_CH2
PB6.Mode=Asynchronous
PA8.GPIOParameters=GPIO_Label
Mcu.Pin6=PC5
Mcu.Pin7=PB0
VP_TIM2_VS_ClockSourceINT.Signal=TIM2_VS_ClockSourceINT
Mcu.Pin8=PB1
Mcu.Pin9=PC6
RCC.AHBFreq_Value=48000000
Mcu.Pin0=PA0
Mcu.Pin1=PA1
GPIO.groupedBy=Group By Peripherals
Mcu.Pin2=PA2
Mcu.Pin3=PA3
Mcu.Pin4=PA7
Mcu.Pin5=PC4
ProjectManager.ProjectBuild=false
TIM3.Channel-Input_Capture1_from_TI1=TIM_CHANNEL_1
PA0.Locked=true
PA8.Locked=true
NVIC.SysTick_IRQn=true\:0\:0\:false\:false\:true\:true\:true
RCC.PLLMUL=RCC_PLL_MUL12
ProjectManager.FirmwarePackage=STM32Cube FW_F0 V1.11.5
MxDb.Version=DB.6.0.21
PB0.GPIOParameters=GPIO_Label
PA1.GPIOParameters=GPIO_Label
ProjectManager.BackupPrevious=false
PC4.GPIO_Label=right1_ir
TIM1.Channel-PWM\ Generation1\ CH1=TIM_CHANNEL_1
PA14.Mode=Serial_Wire
TIM3.Prescaler=47999
PB1.GPIO_Label=left2_ir
File.Version=6
PA10.GPIO_Label=right_in3
PB7.Signal=USART1_RX
PA8.Signal=S_TIM1_CH1
TIM2.Channel-PWM\ Generation1\ CH1=TIM_CHANNEL_1
PB6.Locked=true
NVIC.PendSV_IRQn=true\:0\:0\:false\:false\:true\:false\:false
SH.S_TIM3_CH1.0=TIM3_CH1,Input_Capture1_from_TI1
TIM6.Period=9999
ProjectManager.HalAssertFull=false
VP_TIM1_VS_ClockSourceINT.Mode=Internal
PB0.Locked=true
ProjectManager.ProjectName=Line Follower V4
PA0.Signal=S_TIM2_CH1_ETR
PA13.GPIOParameters=GPIO_Label
RCC.PLLMCOFreq_Value=24000000
PC8.GPIOParameters=GPIO_Label
Mcu.Package=LQFP64
TIM2.Prescaler=47
PB1.Signal=GPIO_Input
PA7.Locked=true
PA14.Locked=true
ProjectManager.ToolChainLocation=
PA2.GPIO_Label=left_in3
VP_SYS_VS_Systick.Signal=SYS_VS_Systick
PA10.Signal=S_TIM1_CH3
RCC.CECFreq_Value=32786.88524590164
RCC.APB1TimFreq_Value=48000000
PC4.Locked=true
PC5.Signal=GPIO_Input
TIM1.Period=99
TIM16.Prescaler=2399
NVIC.USART1_IRQn=true\:0\:0\:false\:false\:true\:true\:true
ProjectManager.CustomerFirmwarePackage=
PC4.GPIOParameters=GPIO_Label
VP_TIM3_VS_ClockSourceINT.Mode=Internal
PA3.Signal=GPIO_Output
PA2.Locked=true
RCC.I2SFreq_Value=48000000
ProjectManager.ProjectFileName=Line Follower V4.ioc
TIM3.Channel-Input_Capture2_from_TI2=TIM_CHANNEL_2
Mcu.PinsNb=28
PC9.GPIO_Label=front_left_enc
ProjectManager.NoMain=false
PA9.GPIO_Label=right_in2
PC8.Signal=S_TIM3_CH3
TIM6.Prescaler=23
PC4.Signal=GPIO_Input
PC6.Signal=S_TIM3_CH1
VP_TIM6_VS_ClockSourceINT.Mode=Enable_Timer
PA11.GPIO_Label=right_in4
ProjectManager.DefaultFWLocation=true
VP_TIM16_VS_ClockSourceINT.Mode=Enable_Timer
NVIC.TIM16_IRQn=true\:0\:0\:false\:false\:true\:true\:true
ProjectManager.DeletePrevious=true
boardIOC=true
SH.S_TIM3_CH3.0=TIM3_CH3,Input_Capture3_from_TI3
SH.S_TIM2_CH1_ETR.ConfNb=1
RCC.FamilyName=M
TIM2.Pulse-PWM\ Generation1\ CH1=50
VP_TIM6_VS_ClockSourceINT.Signal=TIM6_VS_ClockSourceINT
PC8.GPIO_Label=front_right_enc
USART1.VirtualMode-Asynchronous=VM_ASYNC
PA13.Signal=SYS_SWDIO
PA11.Locked=true
PA8.GPIO_Label=right_in1
TIM6.IPParameters=Prescaler,Period
SH.S_TIM1_CH1.0=TIM1_CH1,PWM Generation1 CH1
SH.GPXTI2.ConfNb=1
ProjectManager.TargetToolchain=STM32CubeIDE
SH.S_TIM3_CH3.ConfNb=1
PC5.GPIOParameters=GPIO_Label
PC6.Locked=true
PA9.Signal=GPIO_Output
VP_TIM1_VS_ClockSourceINT.Signal=TIM1_VS_ClockSourceINT
ProjectManager.RegisterCallBack=
VP_TIM3_VS_ClockSourceINT.Signal=TIM3_VS_ClockSourceINT
PA1.Signal=GPIO_Output
PB1.Locked=true
SH.S_TIM3_CH2.0=TIM3_CH2,Input_Capture2_from_TI2
board=STM32F0DISCOVERY
ProjectManager.LastFirmware=true
NVIC.TIM3_IRQn=true\:0\:0\:false\:false\:true\:true\:true
TIM16.Period=9999
MxCube.Version=6.2.1
VP_TIM2_VS_ClockSourceINT.Mode=Internal
SH.S_TIM2_CH3.0=TIM2_CH3,PWM Generation3 CH3
PA1.GPIO_Label=left_in2
PA10.GPIOParameters=GPIO_Label
VP_SYS_VS_Systick.Mode=SysTick
TIM2.Channel-PWM\ Generation3\ CH3=TIM_CHANNEL_3
TIM3.IPParameters=Channel-Input_Capture1_from_TI1,Channel-Input_Capture2_from_TI2,Channel-Input_Capture3_from_TI3,Channel-Input_Capture4_from_TI4,Prescaler,ICFilter_CH1,ICFilter_CH2,ICFilter_CH3,ICFilter_CH4
PA9.Locked=true
VP_TIM16_VS_ClockSourceINT.Signal=TIM16_VS_ClockSourceINT
NVIC.NonMaskableInt_IRQn=true\:0\:0\:false\:false\:true\:false\:false
SH.S_TIM2_CH3.ConfNb=1
TIM3.Channel-Input_Capture4_from_TI4=TIM_CHANNEL_4
TIM2.Period=99
PA13.Mode=Serial_Wire
ProjectManager.FreePins=false
RCC.IPParameters=AHBFreq_Value,APB1Freq_Value,APB1TimFreq_Value,CECFreq_Value,FCLKCortexFreq_Value,FamilyName,HCLKFreq_Value,HSICECFreq_Value,I2SFreq_Value,MCOFreq_Value,PLLCLKFreq_Value,PLLMCOFreq_Value,PLLMUL,SYSCLKFreq_VALUE,SYSCLKSource,TimSysFreq_Value,USART1Freq_Value
PC9.GPIOParameters=GPIO_Label
ProjectManager.AskForMigrate=true
Mcu.Name=STM32F051R8Tx
Mcu.Pin26=VP_TIM6_VS_ClockSourceINT
Mcu.Pin27=VP_TIM16_VS_ClockSourceINT
PA2.Signal=S_TIM2_CH3
PA13.GPIO_Label=SWDIO
Mcu.Pin24=VP_TIM2_VS_ClockSourceINT
ProjectManager.UnderRoot=true
Mcu.Pin25=VP_TIM3_VS_ClockSourceINT
Mcu.IP8=USART1
RCC.HSICECFreq_Value=32786.88524590164
PC7.GPIO_Label=back_left_enc
Mcu.IP6=TIM6
Mcu.IP7=TIM16
ProjectManager.CoupleFile=false
RCC.SYSCLKFreq_VALUE=48000000
Mcu.Pin22=VP_SYS_VS_Systick
Mcu.Pin23=VP_TIM1_VS_ClockSourceINT
RCC.TimSysFreq_Value=48000000
PA1.Locked=true
PA7.GPIO_Label=right2_ir
Mcu.Pin20=PB6
PA3.Locked=true
Mcu.Pin21=PB7
PA10.Locked=true
NVIC.ForceEnableDMAVector=true
KeepUserPlacement=false
PC5.GPIO_Label=center_ir
PA14.GPIOParameters=GPIO_Label
PA13.Locked=true
ProjectManager.CompilerOptimize=6
PB7.Mode=Asynchronous
PA11.Signal=GPIO_Output
SH.S_TIM2_CH1_ETR.0=TIM2_CH1,PWM Generation1 CH1
PA14.Signal=SYS_SWCLK
ProjectManager.HeapSize=0x200
PA0.GPIOParameters=GPIO_Label
Mcu.Pin15=PA10
NVIC.HardFault_IRQn=true\:0\:0\:false\:false\:true\:false\:false
Mcu.Pin16=PA11
Mcu.Pin13=PA8
PC6.GPIOParameters=GPIO_Label
Mcu.Pin14=PA9
SH.S_TIM1_CH3.0=TIM1_CH3,PWM Generation3 CH3
Mcu.Pin19=PD2
SH.S_TIM3_CH1.ConfNb=1
ProjectManager.ComputerToolchain=false
Mcu.Pin17=PA13
Mcu.Pin18=PA14
SH.S_TIM3_CH4.ConfNb=1
Mcu.Pin11=PC8
Mcu.Pin12=PC9
Mcu.Pin10=PC7
TIM3.ICFilter_CH4=15
PB7.Locked=true
TIM3.ICFilter_CH3=15
PC8.Locked=true
TIM3.ICFilter_CH2=15
TIM3.ICFilter_CH1=15
PC9.Signal=S_TIM3_CH4
TIM16.IPParameters=Prescaler,Period
TIM1.Channel-PWM\ Generation3\ CH3=TIM_CHANNEL_3
PD2.Signal=GPXTI2
RCC.APB1Freq_Value=48000000
PB0.Signal=GPIO_Input
PA7.GPIOParameters=GPIO_Label
ProjectManager.DeviceId=STM32F051R8Tx
PD2.GPIO_Label=bumper_sw
ProjectManager.LibraryCopy=1
PA3.GPIO_Label=left_in4
SH.S_TIM3_CH4.0=TIM3_CH4,Input_Capture4_from_TI4
PB1.GPIOParameters=GPIO_Label
PA7.Signal=GPIO_Input
isbadioc=false
